
Microsoft Visual Studio Solution File, Format Version 12.00
# Visual Studio Version 16
VisualStudioVersion = 16.0.30011.22
MinimumVisualStudioVersion = 10.0.40219.1
Project("{FAE04EC0-301F-11D3-BF4B-00C04F79EFBC}") = "FileManager.WebUI", "FileManager.WebUI\FileManager.WebUI.csproj", "{05779D2C-C892-4B7B-B56D-8926ACF6F9C3}"
EndProject
Project("{FAE04EC0-301F-11D3-BF4B-00C04F79EFBC}") = "FileManager.Model", "FileManager.Model\FileManager.Model.csproj", "{CF08EFB9-7277-4296-B7DA-2B2EE495E12D}"
EndProject
Project("{FAE04EC0-301F-11D3-BF4B-00C04F79EFBC}") = "FileManager.Services", "FileManager.Services\FileManager.Services.csproj", "{B3F4638B-86D2-4ECE-A203-F9E35DA266B9}"
EndProject
Global
	GlobalSection(SolutionConfigurationPlatforms) = preSolution
		Debug|Any CPU = Debug|Any CPU
		Release|Any CPU = Release|Any CPU
	EndGlobalSection
	GlobalSection(ProjectConfigurationPlatforms) = postSolution
		{05779D2C-C892-4B7B-B56D-8926ACF6F9C3}.Debug|Any CPU.ActiveCfg = Debug|Any CPU
		{05779D2C-C892-4B7B-B56D-8926ACF6F9C3}.Debug|Any CPU.Build.0 = Debug|Any CPU
		{05779D2C-C892-4B7B-B56D-8926ACF6F9C3}.Release|Any CPU.ActiveCfg = Release|Any CPU
		{05779D2C-C892-4B7B-B56D-8926ACF6F9C3}.Release|Any CPU.Build.0 = Release|Any CPU
		{CF08EFB9-7277-4296-B7DA-2B2EE495E12D}.Debug|Any CPU.ActiveCfg = Debug|Any CPU
		{CF08EFB9-7277-4296-B7DA-2B2EE495E12D}.Debug|Any CPU.Build.0 = Debug|Any CPU
		{CF08EFB9-7277-4296-B7DA-2B2EE495E12D}.Release|Any CPU.ActiveCfg = Release|Any CPU
		{CF08EFB9-7277-4296-B7DA-2B2EE495E12D}.Release|Any CPU.Build.0 = Release|Any CPU
		{B3F4638B-86D2-4ECE-A203-F9E35DA266B9}.Debug|Any CPU.ActiveCfg = Debug|Any CPU
		{B3F4638B-86D2-4ECE-A203-F9E35DA266B9}.Debug|Any CPU.Build.0 = Debug|Any CPU
		{B3F4638B-86D2-4ECE-A203-F9E35DA266B9}.Release|Any CPU.ActiveCfg = Release|Any CPU
		{B3F4638B-86D2-4ECE-A203-F9E35DA266B9}.Release|Any CPU.Build.0 = Release|Any CPU
	EndGlobalSection
	GlobalSection(SolutionProperties) = preSolution
		HideSolutionNode = FALSE
	EndGlobalSection
	GlobalSection(ExtensibilityGlobals) = postSolution
		SolutionGuid = {B37F665F-3585-40FA-8552-AF6B829D4625}
	EndGlobalSection
EndGlobal
